# THIS IS AN AUTOGENERATED FILE. DO NOT EDIT THIS FILE DIRECTLY.
# yarn lockfile v1


"@googlemaps/extended-component-library@^0.6.10":
  version "0.6.10"
  resolved "https://registry.npmjs.org/@googlemaps/extended-component-library/-/extended-component-library-0.6.10.tgz"
  integrity sha512-mm7eSDoZ17ONQLCF60BimNyKs/3LsnZMA/bM2DWKtEjP7HhYnCbJiK3hQgtIaYTUZmO/a12Wtrd4ESlHkFRwZw==
  dependencies:
    "@lit/context" "^1.0.0"
    "@lit/react" "^1.0.0"
    lit "^3.0.0"
    tslib "^2.4.0"

"@googlemaps/js-api-loader@^1.16.6":
  version "1.16.6"
  resolved "https://registry.npmjs.org/@googlemaps/js-api-loader/-/js-api-loader-1.16.6.tgz"
  integrity sha512-V8p5W9DbPQx74jWUmyYJOerhiB4C+MHekaO0ZRmc6lrOYrvY7+syLhzOWpp55kqSPeNb+qbC2h8i69aLIX6krQ==
  dependencies:
    fast-deep-equal "^3.1.3"

"@hotwired/stimulus-webpack-helpers@^1.0.0":
  version "1.0.1"
  resolved "https://registry.npmjs.org/@hotwired/stimulus-webpack-helpers/-/stimulus-webpack-helpers-1.0.1.tgz"
  integrity sha512-wa/zupVG0eWxRYJjC1IiPBdt3Lruv0RqGN+/DTMmUWUyMAEB27KXmVY6a8YpUVTM7QwVuaLNGW4EqDgrS2upXQ==

"@hotwired/stimulus@^3.2.2", "@hotwired/stimulus@>= 3.0":
  version "3.2.2"
  resolved "https://registry.npmjs.org/@hotwired/stimulus/-/stimulus-3.2.2.tgz"
  integrity sha512-eGeIqNOQpXoPAIP7tC1+1Yc1yl1xnwYqg+3mzqxyrbE5pg5YFBZcA6YoTiByJB6DKAEsiWtl6tjTJS4IYtbB7A==

"@lit-labs/ssr-dom-shim@^1.2.0":
  version "1.2.0"
  resolved "https://registry.npmjs.org/@lit-labs/ssr-dom-shim/-/ssr-dom-shim-1.2.0.tgz"
  integrity sha512-yWJKmpGE6lUURKAaIltoPIE/wrbY3TEkqQt+X0m+7fQNnAv0keydnYvbiJFP1PnMhizmIWRWOG5KLhYyc/xl+g==

"@lit/context@^1.0.0":
  version "1.1.0"
  resolved "https://registry.npmjs.org/@lit/context/-/context-1.1.0.tgz"
  integrity sha512-fCyv4dsH05wCNm3AKbB+PdYbXGJd/XT8OOwo4hVmD4COq5wOWJlQreGAMDvmHZ7osqxuu06Y4nmP6ooXpN7ErA==
  dependencies:
    "@lit/reactive-element" "^1.6.2 || ^2.0.0"

"@lit/react@^1.0.0":
  version "1.0.4"
  resolved "https://registry.npmjs.org/@lit/react/-/react-1.0.4.tgz"
  integrity sha512-6HBvk3AwF46z17fTkZp5F7/EdCJW9xqqQgYKr3sQGgoEJv0TKV1voWydG4UQQA2RWkoD4SHjy08snSpzyoyd0w==

"@lit/reactive-element@^1.6.2 || ^2.0.0", "@lit/reactive-element@^2.0.4":
  version "2.0.4"
  resolved "https://registry.npmjs.org/@lit/reactive-element/-/reactive-element-2.0.4.tgz"
  integrity sha512-GFn91inaUa2oHLak8awSIigYz0cU0Payr1rcFsrkf5OJ5eSPxElyZfKh0f2p9FsTiZWXQdWGJeXZICEfXXYSXQ==
  dependencies:
    "@lit-labs/ssr-dom-shim" "^1.2.0"

"@types/prop-types@*":
  version "15.7.12"
  resolved "https://registry.npmjs.org/@types/prop-types/-/prop-types-15.7.12.tgz"
  integrity sha512-5zvhXYtRNRluoE/jAp4GVsSduVUzNWKkOZrCDBWYtE7biZywwdC2AcEzg+cSMLFRfVgeAFqpfNabiPjxFddV1Q==

"@types/react@17 || 18":
  version "18.2.78"
  resolved "https://registry.npmjs.org/@types/react/-/react-18.2.78.tgz"
  integrity sha512-qOwdPnnitQY4xKlKayt42q5W5UQrSHjgoXNVEtxeqdITJ99k4VXJOP3vt8Rkm9HmgJpH50UNU+rlqfkfWOqp0A==
  dependencies:
    "@types/prop-types" "*"
    csstype "^3.0.2"

"@types/trusted-types@^2.0.2":
  version "2.0.7"
  resolved "https://registry.npmjs.org/@types/trusted-types/-/trusted-types-2.0.7.tgz"
  integrity sha512-ScaPdn1dQczgbl0QFTeTOmVHFULt394XJgOQNoyVhZ6r2vLnMLJfBPd53SB52T/3G36VI1/g2MZaX0cwDuXsfw==

csstype@^3.0.2:
  version "3.1.3"
  resolved "https://registry.npmjs.org/csstype/-/csstype-3.1.3.tgz"
  integrity sha512-M1uQkMl8rQK/szD0LNhtqxIPLpimGm8sOBwU7lLnCpSbTyY3yeU1Vc7l4KT5zT4s/yOxHH5O7tIuuLOCnLADRw==

fast-deep-equal@^3.1.3:
  version "3.1.3"
  resolved "https://registry.npmjs.org/fast-deep-equal/-/fast-deep-equal-3.1.3.tgz"
  integrity sha512-f3qQ9oQy9j2AhBe/H9VC91wLmKBCCU/gDOnKNAYG5hswO7BLKj09Hc5HYNz9cGI++xlpDCIgDaitVs03ATR84Q==

lit-element@^4.0.4:
  version "4.0.4"
  resolved "https://registry.npmjs.org/lit-element/-/lit-element-4.0.4.tgz"
  integrity sha512-98CvgulX6eCPs6TyAIQoJZBCQPo80rgXR+dVBs61cstJXqtI+USQZAbA4gFHh6L/mxBx9MrgPLHLsUgDUHAcCQ==
  dependencies:
    "@lit-labs/ssr-dom-shim" "^1.2.0"
    "@lit/reactive-element" "^2.0.4"
    lit-html "^3.1.2"

lit-html@^3.1.2:
  version "3.1.2"
  resolved "https://registry.npmjs.org/lit-html/-/lit-html-3.1.2.tgz"
  integrity sha512-3OBZSUrPnAHoKJ9AMjRL/m01YJxQMf+TMHanNtTHG68ubjnZxK0RFl102DPzsw4mWnHibfZIBJm3LWCZ/LmMvg==
  dependencies:
    "@types/trusted-types" "^2.0.2"

lit@^3.0.0:
  version "3.1.2"
  resolved "https://registry.npmjs.org/lit/-/lit-3.1.2.tgz"
  integrity sha512-VZx5iAyMtX7CV4K8iTLdCkMaYZ7ipjJZ0JcSdJ0zIdGxxyurjIn7yuuSxNBD7QmjvcNJwr0JS4cAdAtsy7gZ6w==
  dependencies:
    "@lit/reactive-element" "^2.0.4"
    lit-element "^4.0.4"
    lit-html "^3.1.2"

stimulus@^3.2.2:
  version "3.2.2"
  resolved "https://registry.npmjs.org/stimulus/-/stimulus-3.2.2.tgz"
  integrity sha512-sEGK0ofeMuW+B2oPLTigCqxl47P9vRfZxeqzY5Hk1u0QPWS8DZhW+VOEEyngtzdHM+MutXKGBT8BkUKoA0060Q==
  dependencies:
    "@hotwired/stimulus" "^3.2.2"
    "@hotwired/stimulus-webpack-helpers" "^1.0.0"

tslib@^2.4.0:
  version "2.6.2"
  resolved "https://registry.npmjs.org/tslib/-/tslib-2.6.2.tgz"
  integrity sha512-AEYxH93jGFPn/a2iVAwW87VuUIkR1FVUKB77NwMF7nBTDkDrrT/Hpt/IrCJ0QXhW27jTBDcf5ZY7w6RiqTMw2Q==
